// !$*UTF8*$!
{
	archiveVersion = 1;
	classes = {
	};
	objectVersion = 51;
	objects = {

/* Begin PBXBuildFile section */
		130891847D8F7A6543FDD2E6 /* Pods_wgsTests.framework in Frameworks */ = {isa = PBXBuildFile; fileRef = 998A309E6A82A5D947FBA41B /* Pods_wgsTests.framework */; };
		BF0E3DED22351BAC0051ADDF /* PersonDetailViewModel.swift in Sources */ = {isa = PBXBuildFile; fileRef = BF0E3DEC22351BAC0051ADDF /* PersonDetailViewModel.swift */; };
		BF0E3DF222354EE80051ADDF /* UTPersonDetailViewModel.swift in Sources */ = {isa = PBXBuildFile; fileRef = BF0E3DF122354EE80051ADDF /* UTPersonDetailViewModel.swift */; };
		BF3DD2CD22304EBF00489FBA /* APIManager.swift in Sources */ = {isa = PBXBuildFile; fileRef = BF3DD2CA22304EBF00489FBA /* APIManager.swift */; };
		BF3DD2CE22304EBF00489FBA /* APIRestClient.swift in Sources */ = {isa = PBXBuildFile; fileRef = BF3DD2CB22304EBF00489FBA /* APIRestClient.swift */; };
		BF3DD2CF22304EBF00489FBA /* RestResponse.swift in Sources */ = {isa = PBXBuildFile; fileRef = BF3DD2CC22304EBF00489FBA /* RestResponse.swift */; };
		BF3DD2D722304F7C00489FBA /* Resetable.swift in Sources */ = {isa = PBXBuildFile; fileRef = BF3DD2D622304F7C00489FBA /* Resetable.swift */; };
		BF3DD2DB2230511800489FBA /* UTAPIManager.swift in Sources */ = {isa = PBXBuildFile; fileRef = BF3DD2DA2230511800489FBA /* UTAPIManager.swift */; };
		BF43411D22304840009BB87C /* AppDelegate.swift in Sources */ = {isa = PBXBuildFile; fileRef = BF43411C22304840009BB87C /* AppDelegate.swift */; };
		BF43412422304841009BB87C /* Assets.xcassets in Resources */ = {isa = PBXBuildFile; fileRef = BF43412322304841009BB87C /* Assets.xcassets */; };
		BF43412722304841009BB87C /* LaunchScreen.storyboard in Resources */ = {isa = PBXBuildFile; fileRef = BF43412522304841009BB87C /* LaunchScreen.storyboard */; };
		BF63697A223127AE003D5D7B /* DatabaseManager.swift in Sources */ = {isa = PBXBuildFile; fileRef = BF636979223127AE003D5D7B /* DatabaseManager.swift */; };
		BF63697F223132E8003D5D7B /* Person.swift in Sources */ = {isa = PBXBuildFile; fileRef = BF63697E223132E8003D5D7B /* Person.swift */; };
		BF63698222313544003D5D7B /* UTPerson.swift in Sources */ = {isa = PBXBuildFile; fileRef = BF63698122313544003D5D7B /* UTPerson.swift */; };
		BF63698422313D0C003D5D7B /* UTDataManager.swift in Sources */ = {isa = PBXBuildFile; fileRef = BF63698322313D0C003D5D7B /* UTDataManager.swift */; };
		BF63698722314911003D5D7B /* UTDatabaseManager.swift in Sources */ = {isa = PBXBuildFile; fileRef = BF63698622314911003D5D7B /* UTDatabaseManager.swift */; };
		BF63698E22315AA6003D5D7B /* CoordinatesAPI.swift in Sources */ = {isa = PBXBuildFile; fileRef = BF63698822315AA5003D5D7B /* CoordinatesAPI.swift */; };
		BF63698F22315AA6003D5D7B /* LocationAPI.swift in Sources */ = {isa = PBXBuildFile; fileRef = BF63698922315AA5003D5D7B /* LocationAPI.swift */; };
		BF63699122315AA6003D5D7B /* NameAPI.swift in Sources */ = {isa = PBXBuildFile; fileRef = BF63698B22315AA5003D5D7B /* NameAPI.swift */; };
		BF63699222315AA6003D5D7B /* PersonAPI.swift in Sources */ = {isa = PBXBuildFile; fileRef = BF63698C22315AA6003D5D7B /* PersonAPI.swift */; };
		BF63699322315AA6003D5D7B /* PictureAPI.swift in Sources */ = {isa = PBXBuildFile; fileRef = BF63698D22315AA6003D5D7B /* PictureAPI.swift */; };
		BF63699622316CDF003D5D7B /* PersonDetailPresenter.swift in Sources */ = {isa = PBXBuildFile; fileRef = BF63699522316CDF003D5D7B /* PersonDetailPresenter.swift */; };
		BF63699B223176B2003D5D7B /* PersonDetailView.swift in Sources */ = {isa = PBXBuildFile; fileRef = BF63699A223176B2003D5D7B /* PersonDetailView.swift */; };
		BF63699F22317DED003D5D7B /* ImagePersonTVC.swift in Sources */ = {isa = PBXBuildFile; fileRef = BF63699E22317DED003D5D7B /* ImagePersonTVC.swift */; };
		BF6369A12231853D003D5D7B /* AttributePersonTVC.swift in Sources */ = {isa = PBXBuildFile; fileRef = BF6369A02231853C003D5D7B /* AttributePersonTVC.swift */; };
		BF6369A322318D8D003D5D7B /* MapPersonTVC.swift in Sources */ = {isa = PBXBuildFile; fileRef = BF6369A222318D8C003D5D7B /* MapPersonTVC.swift */; };
		BF6369A52231A4C5003D5D7B /* ActionPersonTVC.swift in Sources */ = {isa = PBXBuildFile; fileRef = BF6369A42231A4C5003D5D7B /* ActionPersonTVC.swift */; };
		BF6369A8223245EF003D5D7B /* LocalFileManager.swift in Sources */ = {isa = PBXBuildFile; fileRef = BF6369A7223245EF003D5D7B /* LocalFileManager.swift */; };
		BF6369AB22324F25003D5D7B /* UTLocalFileManager.swift in Sources */ = {isa = PBXBuildFile; fileRef = BF6369AA22324F25003D5D7B /* UTLocalFileManager.swift */; };
		BF73B15022307CF90019D51A /* R.generated.swift in Sources */ = {isa = PBXBuildFile; fileRef = BF73B14F22307CF80019D51A /* R.generated.swift */; };
		BF73B15422307D930019D51A /* main.storyboard in Resources */ = {isa = PBXBuildFile; fileRef = BF73B15222307D930019D51A /* main.storyboard */; };
		BF73B15522307D930019D51A /* AppStoryboard.swift in Sources */ = {isa = PBXBuildFile; fileRef = BF73B15322307D930019D51A /* AppStoryboard.swift */; };
		BF73B15922307E590019D51A /* StartUpAppSequencer.swift in Sources */ = {isa = PBXBuildFile; fileRef = BF73B15822307E590019D51A /* StartUpAppSequencer.swift */; };
		BF73B15C22307E900019D51A /* PresentMainAppOperation.swift in Sources */ = {isa = PBXBuildFile; fileRef = BF73B15B22307E900019D51A /* PresentMainAppOperation.swift */; };
		BF73B15E22307ECD0019D51A /* ConcurrentOperation.swift in Sources */ = {isa = PBXBuildFile; fileRef = BF73B15D22307ECD0019D51A /* ConcurrentOperation.swift */; };
		BF73B16322307FC30019D51A /* PeopleListPresenter.swift in Sources */ = {isa = PBXBuildFile; fileRef = BF73B16222307FC30019D51A /* PeopleListPresenter.swift */; };
		BF73B166223080040019D51A /* MainFlowCoordinator.swift in Sources */ = {isa = PBXBuildFile; fileRef = BF73B165223080040019D51A /* MainFlowCoordinator.swift */; };
		BF73B169223081350019D51A /* UIApplicationExtension.swift in Sources */ = {isa = PBXBuildFile; fileRef = BF73B168223081350019D51A /* UIApplicationExtension.swift */; };
		BF73B16C223087850019D51A /* PeopleListView.swift in Sources */ = {isa = PBXBuildFile; fileRef = BF73B16B223087850019D51A /* PeopleListView.swift */; };
		BF73B16E223087A10019D51A /* PeopleListTVC.swift in Sources */ = {isa = PBXBuildFile; fileRef = BF73B16D223087A10019D51A /* PeopleListTVC.swift */; };
		BF73B171223089600019D51A /* PeopleListViewModel.swift in Sources */ = {isa = PBXBuildFile; fileRef = BF73B170223089600019D51A /* PeopleListViewModel.swift */; };
		BF73B174223089F40019D51A /* PeopleUseCase.swift in Sources */ = {isa = PBXBuildFile; fileRef = BF73B173223089F40019D51A /* PeopleUseCase.swift */; };
		BF73B17722308BDA0019D51A /* Localizable.strings in Resources */ = {isa = PBXBuildFile; fileRef = BF73B17622308BDA0019D51A /* Localizable.strings */; };
		BF73B17922308C4C0019D51A /* StringExtension.swift in Sources */ = {isa = PBXBuildFile; fileRef = BF73B17822308C4C0019D51A /* StringExtension.swift */; };
		BF85FF7D22326B08009C7F8F /* ConfigurationManager.swift in Sources */ = {isa = PBXBuildFile; fileRef = BF85FF7C22326B08009C7F8F /* ConfigurationManager.swift */; };
		BF85FF7F22326FCD009C7F8F /* UTConfigurationManager.swift in Sources */ = {isa = PBXBuildFile; fileRef = BF85FF7E22326FCD009C7F8F /* UTConfigurationManager.swift */; };
		BF85FF8622328487009C7F8F /* PersonEntity.swift in Sources */ = {isa = PBXBuildFile; fileRef = BF85FF8522328487009C7F8F /* PersonEntity.swift */; };
		BF85FF882232F206009C7F8F /* RealmConfig.swift in Sources */ = {isa = PBXBuildFile; fileRef = BF85FF872232F206009C7F8F /* RealmConfig.swift */; };
		BF85FF8C22333C9B009C7F8F /* AppColors.swift in Sources */ = {isa = PBXBuildFile; fileRef = BF85FF8A22333C9B009C7F8F /* AppColors.swift */; };
		BF85FF8D22333C9B009C7F8F /* AppFonts.swift in Sources */ = {isa = PBXBuildFile; fileRef = BF85FF8B22333C9B009C7F8F /* AppFonts.swift */; };
		BF85FF9722334727009C7F8F /* GothamRounded-Bold.otf in Resources */ = {isa = PBXBuildFile; fileRef = BF85FF9322333CEE009C7F8F /* GothamRounded-Bold.otf */; };
		BF85FF9822334727009C7F8F /* GothamRounded-BoldItalic.otf in Resources */ = {isa = PBXBuildFile; fileRef = BF85FF9522333CEF009C7F8F /* GothamRounded-BoldItalic.otf */; };
		BF85FF9922334727009C7F8F /* GothamRounded-Book.otf in Resources */ = {isa = PBXBuildFile; fileRef = BF85FF8F22333CEE009C7F8F /* GothamRounded-Book.otf */; };
		BF85FF9A22334727009C7F8F /* GothamRounded-BookItalic.otf in Resources */ = {isa = PBXBuildFile; fileRef = BF85FF9122333CEE009C7F8F /* GothamRounded-BookItalic.otf */; };
		BF85FF9B22334727009C7F8F /* GothamRounded-Light.otf in Resources */ = {isa = PBXBuildFile; fileRef = BF85FF9022333CEE009C7F8F /* GothamRounded-Light.otf */; };
		BF85FF9C22334727009C7F8F /* GothamRounded-LightItalic.otf in Resources */ = {isa = PBXBuildFile; fileRef = BF85FF9222333CEE009C7F8F /* GothamRounded-LightItalic.otf */; };
		BF85FF9D22334727009C7F8F /* GothamRounded-Medium.otf in Resources */ = {isa = PBXBuildFile; fileRef = BF85FF9622333CEF009C7F8F /* GothamRounded-Medium.otf */; };
		BF85FF9E22334727009C7F8F /* GothamRounded-MediumItalic.otf in Resources */ = {isa = PBXBuildFile; fileRef = BF85FF9422333CEE009C7F8F /* GothamRounded-MediumItalic.otf */; };
		BF85FFA222345A69009C7F8F /* UTPeopleUseCase.swift in Sources */ = {isa = PBXBuildFile; fileRef = BF85FFA122345A69009C7F8F /* UTPeopleUseCase.swift */; };
		BF9A198722357C040081D435 /* UTPeopleListViewModel.swift in Sources */ = {isa = PBXBuildFile; fileRef = BF9A198622357C040081D435 /* UTPeopleListViewModel.swift */; };
		BFF9108122305EED000BA87A /* MockAPIRestClient.swift in Sources */ = {isa = PBXBuildFile; fileRef = BFF9107F22305EED000BA87A /* MockAPIRestClient.swift */; };
		BFF9108222305EED000BA87A /* MockAPIManagerWrongUrl.swift in Sources */ = {isa = PBXBuildFile; fileRef = BFF9108022305EED000BA87A /* MockAPIManagerWrongUrl.swift */; };
		BFF910F422306E0C000BA87A /* DataManager.swift in Sources */ = {isa = PBXBuildFile; fileRef = BFF910F322306E0C000BA87A /* DataManager.swift */; };
		E8C07080603E018D3B46E926 /* Pods_wgs.framework in Frameworks */ = {isa = PBXBuildFile; fileRef = 1A5E7C8762DA29CD24D08B6A /* Pods_wgs.framework */; };
/* End PBXBuildFile section */

/* Begin PBXContainerItemProxy section */
		BF43412E22304842009BB87C /* PBXContainerItemProxy */ = {
			isa = PBXContainerItemProxy;
			containerPortal = BF43411122304840009BB87C /* Project object */;
			proxyType = 1;
			remoteGlobalIDString = BF43411822304840009BB87C;
			remoteInfo = wgs;
		};
/* End PBXContainerItemProxy section */

/* Begin PBXFileReference section */
		1A5E7C8762DA29CD24D08B6A /* Pods_wgs.framework */ = {isa = PBXFileReference; explicitFileType = wrapper.framework; includeInIndex = 0; path = Pods_wgs.framework; sourceTree = BUILT_PRODUCTS_DIR; };
		4C5A881FDAFCC20F7EB6D45E /* Pods-wgs.debug.xcconfig */ = {isa = PBXFileReference; includeInIndex = 1; lastKnownFileType = text.xcconfig; name = "Pods-wgs.debug.xcconfig"; path = "Pods/Target Support Files/Pods-wgs/Pods-wgs.debug.xcconfig"; sourceTree = "<group>"; };
		6BD5B6C2F5A6F80E0B5F619E /* Pods-wgs.release.xcconfig */ = {isa = PBXFileReference; includeInIndex = 1; lastKnownFileType = text.xcconfig; name = "Pods-wgs.release.xcconfig"; path = "Pods/Target Support Files/Pods-wgs/Pods-wgs.release.xcconfig"; sourceTree = "<group>"; };
		72B382A2691A101626BB2D31 /* Pods-wgsTests.release.xcconfig */ = {isa = PBXFileReference; includeInIndex = 1; lastKnownFileType = text.xcconfig; name = "Pods-wgsTests.release.xcconfig"; path = "Pods/Target Support Files/Pods-wgsTests/Pods-wgsTests.release.xcconfig"; sourceTree = "<group>"; };
		998A309E6A82A5D947FBA41B /* Pods_wgsTests.framework */ = {isa = PBXFileReference; explicitFileType = wrapper.framework; includeInIndex = 0; path = Pods_wgsTests.framework; sourceTree = BUILT_PRODUCTS_DIR; };
		BF0E3DEC22351BAC0051ADDF /* PersonDetailViewModel.swift */ = {isa = PBXFileReference; lastKnownFileType = sourcecode.swift; path = PersonDetailViewModel.swift; sourceTree = "<group>"; };
		BF0E3DF122354EE80051ADDF /* UTPersonDetailViewModel.swift */ = {isa = PBXFileReference; lastKnownFileType = sourcecode.swift; path = UTPersonDetailViewModel.swift; sourceTree = "<group>"; };
		BF3DD2CA22304EBF00489FBA /* APIManager.swift */ = {isa = PBXFileReference; fileEncoding = 4; lastKnownFileType = sourcecode.swift; path = APIManager.swift; sourceTree = "<group>"; };
		BF3DD2CB22304EBF00489FBA /* APIRestClient.swift */ = {isa = PBXFileReference; fileEncoding = 4; lastKnownFileType = sourcecode.swift; path = APIRestClient.swift; sourceTree = "<group>"; };
		BF3DD2CC22304EBF00489FBA /* RestResponse.swift */ = {isa = PBXFileReference; fileEncoding = 4; lastKnownFileType = sourcecode.swift; path = RestResponse.swift; sourceTree = "<group>"; };
		BF3DD2D622304F7C00489FBA /* Resetable.swift */ = {isa = PBXFileReference; fileEncoding = 4; lastKnownFileType = sourcecode.swift; path = Resetable.swift; sourceTree = "<group>"; };
		BF3DD2DA2230511800489FBA /* UTAPIManager.swift */ = {isa = PBXFileReference; fileEncoding = 4; lastKnownFileType = sourcecode.swift; path = UTAPIManager.swift; sourceTree = "<group>"; };
		BF43411922304840009BB87C /* wgs.app */ = {isa = PBXFileReference; explicitFileType = wrapper.application; includeInIndex = 0; path = wgs.app; sourceTree = BUILT_PRODUCTS_DIR; };
		BF43411C22304840009BB87C /* AppDelegate.swift */ = {isa = PBXFileReference; lastKnownFileType = sourcecode.swift; path = AppDelegate.swift; sourceTree = "<group>"; };
		BF43412322304841009BB87C /* Assets.xcassets */ = {isa = PBXFileReference; lastKnownFileType = folder.assetcatalog; path = Assets.xcassets; sourceTree = "<group>"; };
		BF43412622304841009BB87C /* Base */ = {isa = PBXFileReference; lastKnownFileType = file.storyboard; name = Base; path = Base.lproj/LaunchScreen.storyboard; sourceTree = "<group>"; };
		BF43412822304841009BB87C /* Info.plist */ = {isa = PBXFileReference; lastKnownFileType = text.plist.xml; path = Info.plist; sourceTree = "<group>"; };
		BF43412D22304842009BB87C /* wgsTests.xctest */ = {isa = PBXFileReference; explicitFileType = wrapper.cfbundle; includeInIndex = 0; path = wgsTests.xctest; sourceTree = BUILT_PRODUCTS_DIR; };
		BF43413322304842009BB87C /* Info.plist */ = {isa = PBXFileReference; lastKnownFileType = text.plist.xml; path = Info.plist; sourceTree = "<group>"; };
		BF636979223127AE003D5D7B /* DatabaseManager.swift */ = {isa = PBXFileReference; lastKnownFileType = sourcecode.swift; path = DatabaseManager.swift; sourceTree = "<group>"; };
		BF63697E223132E8003D5D7B /* Person.swift */ = {isa = PBXFileReference; lastKnownFileType = sourcecode.swift; path = Person.swift; sourceTree = "<group>"; };
		BF63698122313544003D5D7B /* UTPerson.swift */ = {isa = PBXFileReference; lastKnownFileType = sourcecode.swift; path = UTPerson.swift; sourceTree = "<group>"; };
		BF63698322313D0C003D5D7B /* UTDataManager.swift */ = {isa = PBXFileReference; lastKnownFileType = sourcecode.swift; path = UTDataManager.swift; sourceTree = "<group>"; };
		BF63698622314911003D5D7B /* UTDatabaseManager.swift */ = {isa = PBXFileReference; lastKnownFileType = sourcecode.swift; path = UTDatabaseManager.swift; sourceTree = "<group>"; };
		BF63698822315AA5003D5D7B /* CoordinatesAPI.swift */ = {isa = PBXFileReference; fileEncoding = 4; lastKnownFileType = sourcecode.swift; name = CoordinatesAPI.swift; path = wgs/DataLayer/Model/API/CoordinatesAPI.swift; sourceTree = SOURCE_ROOT; };
		BF63698922315AA5003D5D7B /* LocationAPI.swift */ = {isa = PBXFileReference; fileEncoding = 4; lastKnownFileType = sourcecode.swift; name = LocationAPI.swift; path = wgs/DataLayer/Model/API/LocationAPI.swift; sourceTree = SOURCE_ROOT; };
		BF63698B22315AA5003D5D7B /* NameAPI.swift */ = {isa = PBXFileReference; fileEncoding = 4; lastKnownFileType = sourcecode.swift; name = NameAPI.swift; path = wgs/DataLayer/Model/API/NameAPI.swift; sourceTree = SOURCE_ROOT; };
		BF63698C22315AA6003D5D7B /* PersonAPI.swift */ = {isa = PBXFileReference; fileEncoding = 4; lastKnownFileType = sourcecode.swift; name = PersonAPI.swift; path = wgs/DataLayer/Model/API/PersonAPI.swift; sourceTree = SOURCE_ROOT; };
		BF63698D22315AA6003D5D7B /* PictureAPI.swift */ = {isa = PBXFileReference; fileEncoding = 4; lastKnownFileType = sourcecode.swift; name = PictureAPI.swift; path = wgs/DataLayer/Model/API/PictureAPI.swift; sourceTree = SOURCE_ROOT; };
		BF63699522316CDF003D5D7B /* PersonDetailPresenter.swift */ = {isa = PBXFileReference; lastKnownFileType = sourcecode.swift; path = PersonDetailPresenter.swift; sourceTree = "<group>"; };
		BF63699A223176B2003D5D7B /* PersonDetailView.swift */ = {isa = PBXFileReference; lastKnownFileType = sourcecode.swift; path = PersonDetailView.swift; sourceTree = "<group>"; };
		BF63699E22317DED003D5D7B /* ImagePersonTVC.swift */ = {isa = PBXFileReference; lastKnownFileType = sourcecode.swift; path = ImagePersonTVC.swift; sourceTree = "<group>"; };
		BF6369A02231853C003D5D7B /* AttributePersonTVC.swift */ = {isa = PBXFileReference; fileEncoding = 4; lastKnownFileType = sourcecode.swift; path = AttributePersonTVC.swift; sourceTree = "<group>"; };
		BF6369A222318D8C003D5D7B /* MapPersonTVC.swift */ = {isa = PBXFileReference; fileEncoding = 4; lastKnownFileType = sourcecode.swift; path = MapPersonTVC.swift; sourceTree = "<group>"; };
		BF6369A42231A4C5003D5D7B /* ActionPersonTVC.swift */ = {isa = PBXFileReference; fileEncoding = 4; lastKnownFileType = sourcecode.swift; path = ActionPersonTVC.swift; sourceTree = "<group>"; };
		BF6369A7223245EF003D5D7B /* LocalFileManager.swift */ = {isa = PBXFileReference; lastKnownFileType = sourcecode.swift; path = LocalFileManager.swift; sourceTree = "<group>"; };
		BF6369AA22324F25003D5D7B /* UTLocalFileManager.swift */ = {isa = PBXFileReference; lastKnownFileType = sourcecode.swift; path = UTLocalFileManager.swift; sourceTree = "<group>"; };
		BF73B14F22307CF80019D51A /* R.generated.swift */ = {isa = PBXFileReference; fileEncoding = 4; lastKnownFileType = sourcecode.swift; path = R.generated.swift; sourceTree = "<group>"; };
		BF73B15222307D930019D51A /* main.storyboard */ = {isa = PBXFileReference; fileEncoding = 4; lastKnownFileType = file.storyboard; path = main.storyboard; sourceTree = "<group>"; };
		BF73B15322307D930019D51A /* AppStoryboard.swift */ = {isa = PBXFileReference; fileEncoding = 4; lastKnownFileType = sourcecode.swift; path = AppStoryboard.swift; sourceTree = "<group>"; };
		BF73B15822307E590019D51A /* StartUpAppSequencer.swift */ = {isa = PBXFileReference; fileEncoding = 4; lastKnownFileType = sourcecode.swift; path = StartUpAppSequencer.swift; sourceTree = "<group>"; };
		BF73B15B22307E900019D51A /* PresentMainAppOperation.swift */ = {isa = PBXFileReference; fileEncoding = 4; lastKnownFileType = sourcecode.swift; path = PresentMainAppOperation.swift; sourceTree = "<group>"; };
		BF73B15D22307ECD0019D51A /* ConcurrentOperation.swift */ = {isa = PBXFileReference; fileEncoding = 4; lastKnownFileType = sourcecode.swift; path = ConcurrentOperation.swift; sourceTree = "<group>"; };
		BF73B16222307FC30019D51A /* PeopleListPresenter.swift */ = {isa = PBXFileReference; lastKnownFileType = sourcecode.swift; path = PeopleListPresenter.swift; sourceTree = "<group>"; };
		BF73B165223080040019D51A /* MainFlowCoordinator.swift */ = {isa = PBXFileReference; fileEncoding = 4; lastKnownFileType = sourcecode.swift; path = MainFlowCoordinator.swift; sourceTree = "<group>"; };
		BF73B168223081350019D51A /* UIApplicationExtension.swift */ = {isa = PBXFileReference; fileEncoding = 4; lastKnownFileType = sourcecode.swift; path = UIApplicationExtension.swift; sourceTree = "<group>"; };
		BF73B16B223087850019D51A /* PeopleListView.swift */ = {isa = PBXFileReference; lastKnownFileType = sourcecode.swift; path = PeopleListView.swift; sourceTree = "<group>"; };
		BF73B16D223087A10019D51A /* PeopleListTVC.swift */ = {isa = PBXFileReference; lastKnownFileType = sourcecode.swift; path = PeopleListTVC.swift; sourceTree = "<group>"; };
		BF73B170223089600019D51A /* PeopleListViewModel.swift */ = {isa = PBXFileReference; fileEncoding = 4; lastKnownFileType = sourcecode.swift; path = PeopleListViewModel.swift; sourceTree = "<group>"; };
		BF73B173223089F40019D51A /* PeopleUseCase.swift */ = {isa = PBXFileReference; fileEncoding = 4; lastKnownFileType = sourcecode.swift; path = PeopleUseCase.swift; sourceTree = "<group>"; };
		BF73B17622308BDA0019D51A /* Localizable.strings */ = {isa = PBXFileReference; lastKnownFileType = text.plist.strings; path = Localizable.strings; sourceTree = "<group>"; };
		BF73B17822308C4C0019D51A /* StringExtension.swift */ = {isa = PBXFileReference; fileEncoding = 4; lastKnownFileType = sourcecode.swift; path = StringExtension.swift; sourceTree = "<group>"; };
		BF85FF7C22326B08009C7F8F /* ConfigurationManager.swift */ = {isa = PBXFileReference; lastKnownFileType = sourcecode.swift; path = ConfigurationManager.swift; sourceTree = "<group>"; };
		BF85FF7E22326FCD009C7F8F /* UTConfigurationManager.swift */ = {isa = PBXFileReference; lastKnownFileType = sourcecode.swift; path = UTConfigurationManager.swift; sourceTree = "<group>"; };
		BF85FF8522328487009C7F8F /* PersonEntity.swift */ = {isa = PBXFileReference; lastKnownFileType = sourcecode.swift; path = PersonEntity.swift; sourceTree = "<group>"; };
		BF85FF872232F206009C7F8F /* RealmConfig.swift */ = {isa = PBXFileReference; fileEncoding = 4; lastKnownFileType = sourcecode.swift; path = RealmConfig.swift; sourceTree = "<group>"; };
		BF85FF8A22333C9B009C7F8F /* AppColors.swift */ = {isa = PBXFileReference; fileEncoding = 4; lastKnownFileType = sourcecode.swift; path = AppColors.swift; sourceTree = "<group>"; };
		BF85FF8B22333C9B009C7F8F /* AppFonts.swift */ = {isa = PBXFileReference; fileEncoding = 4; lastKnownFileType = sourcecode.swift; path = AppFonts.swift; sourceTree = "<group>"; };
		BF85FF8F22333CEE009C7F8F /* GothamRounded-Book.otf */ = {isa = PBXFileReference; lastKnownFileType = file; path = "GothamRounded-Book.otf"; sourceTree = "<group>"; };
		BF85FF9022333CEE009C7F8F /* GothamRounded-Light.otf */ = {isa = PBXFileReference; lastKnownFileType = file; path = "GothamRounded-Light.otf"; sourceTree = "<group>"; };
		BF85FF9122333CEE009C7F8F /* GothamRounded-BookItalic.otf */ = {isa = PBXFileReference; lastKnownFileType = file; path = "GothamRounded-BookItalic.otf"; sourceTree = "<group>"; };
		BF85FF9222333CEE009C7F8F /* GothamRounded-LightItalic.otf */ = {isa = PBXFileReference; lastKnownFileType = file; path = "GothamRounded-LightItalic.otf"; sourceTree = "<group>"; };
		BF85FF9322333CEE009C7F8F /* GothamRounded-Bold.otf */ = {isa = PBXFileReference; lastKnownFileType = file; path = "GothamRounded-Bold.otf"; sourceTree = "<group>"; };
		BF85FF9422333CEE009C7F8F /* GothamRounded-MediumItalic.otf */ = {isa = PBXFileReference; lastKnownFileType = file; path = "GothamRounded-MediumItalic.otf"; sourceTree = "<group>"; };
		BF85FF9522333CEF009C7F8F /* GothamRounded-BoldItalic.otf */ = {isa = PBXFileReference; lastKnownFileType = file; path = "GothamRounded-BoldItalic.otf"; sourceTree = "<group>"; };
		BF85FF9622333CEF009C7F8F /* GothamRounded-Medium.otf */ = {isa = PBXFileReference; lastKnownFileType = file; path = "GothamRounded-Medium.otf"; sourceTree = "<group>"; };
		BF85FFA122345A69009C7F8F /* UTPeopleUseCase.swift */ = {isa = PBXFileReference; lastKnownFileType = sourcecode.swift; path = UTPeopleUseCase.swift; sourceTree = "<group>"; };
		BF9A198622357C040081D435 /* UTPeopleListViewModel.swift */ = {isa = PBXFileReference; lastKnownFileType = sourcecode.swift; path = UTPeopleListViewModel.swift; sourceTree = "<group>"; };
		BFF9107F22305EED000BA87A /* MockAPIRestClient.swift */ = {isa = PBXFileReference; fileEncoding = 4; lastKnownFileType = sourcecode.swift; path = MockAPIRestClient.swift; sourceTree = "<group>"; };
		BFF9108022305EED000BA87A /* MockAPIManagerWrongUrl.swift */ = {isa = PBXFileReference; fileEncoding = 4; lastKnownFileType = sourcecode.swift; path = MockAPIManagerWrongUrl.swift; sourceTree = "<group>"; };
		BFF910F322306E0C000BA87A /* DataManager.swift */ = {isa = PBXFileReference; fileEncoding = 4; lastKnownFileType = sourcecode.swift; path = DataManager.swift; sourceTree = "<group>"; };
		DD463FCBEBA76EC0FF11F76F /* Pods-wgsTests.debug.xcconfig */ = {isa = PBXFileReference; includeInIndex = 1; lastKnownFileType = text.xcconfig; name = "Pods-wgsTests.debug.xcconfig"; path = "Pods/Target Support Files/Pods-wgsTests/Pods-wgsTests.debug.xcconfig"; sourceTree = "<group>"; };
/* End PBXFileReference section */

/* Begin PBXFrameworksBuildPhase section */
		BF43411622304840009BB87C /* Frameworks */ = {
			isa = PBXFrameworksBuildPhase;
			buildActionMask = 2147483647;
			files = (
				E8C07080603E018D3B46E926 /* Pods_wgs.framework in Frameworks */,
			);
			runOnlyForDeploymentPostprocessing = 0;
		};
		BF43412A22304842009BB87C /* Frameworks */ = {
			isa = PBXFrameworksBuildPhase;
			buildActionMask = 2147483647;
			files = (
				130891847D8F7A6543FDD2E6 /* Pods_wgsTests.framework in Frameworks */,
			);
			runOnlyForDeploymentPostprocessing = 0;
		};
/* End PBXFrameworksBuildPhase section */

/* Begin PBXGroup section */
		B6A8767BDDBB04D69E553905 /* Frameworks */ = {
			isa = PBXGroup;
			children = (
				1A5E7C8762DA29CD24D08B6A /* Pods_wgs.framework */,
				998A309E6A82A5D947FBA41B /* Pods_wgsTests.framework */,
			);
			name = Frameworks;
			sourceTree = "<group>";
		};
		BF0E3DEE22354E9A0051ADDF /* ViewLayer */ = {
			isa = PBXGroup;
			children = (
				BF0E3DEF22354EA70051ADDF /* Controllers */,
			);
			path = ViewLayer;
			sourceTree = "<group>";
		};
		BF0E3DEF22354EA70051ADDF /* Controllers */ = {
			isa = PBXGroup;
			children = (
				BF9A198522357BD40081D435 /* PeopleList */,
				BF0E3DF022354EB70051ADDF /* PersonDetail */,
			);
			path = Controllers;
			sourceTree = "<group>";
		};
		BF0E3DF022354EB70051ADDF /* PersonDetail */ = {
			isa = PBXGroup;
			children = (
				BF0E3DF122354EE80051ADDF /* UTPersonDetailViewModel.swift */,
			);
			path = PersonDetail;
			sourceTree = "<group>";
		};
		BF3DD2C822304DD400489FBA /* DataLayer */ = {
			isa = PBXGroup;
			children = (
				BF85FF7B22326AB3009C7F8F /* ConfigurationManager */,
				BF6369A6223245CB003D5D7B /* FileManager */,
				BF636978223125EE003D5D7B /* DatabaseManager */,
				BFF910F322306E0C000BA87A /* DataManager.swift */,
				BF3DD2D522304F7C00489FBA /* Core */,
				BF3DD2D022304F4B00489FBA /* Model */,
				BF3DD2C922304E4D00489FBA /* APIManager */,
			);
			path = DataLayer;
			sourceTree = "<group>";
		};
		BF3DD2C922304E4D00489FBA /* APIManager */ = {
			isa = PBXGroup;
			children = (
				BF3DD2CA22304EBF00489FBA /* APIManager.swift */,
				BF3DD2CB22304EBF00489FBA /* APIRestClient.swift */,
				BF3DD2CC22304EBF00489FBA /* RestResponse.swift */,
			);
			path = APIManager;
			sourceTree = "<group>";
		};
		BF3DD2D022304F4B00489FBA /* Model */ = {
			isa = PBXGroup;
			children = (
				BF85FF84223283D3009C7F8F /* Database */,
				BF63697E223132E8003D5D7B /* Person.swift */,
				BF63697B22312D16003D5D7B /* API */,
			);
			path = Model;
			sourceTree = "<group>";
		};
		BF3DD2D522304F7C00489FBA /* Core */ = {
			isa = PBXGroup;
			children = (
				BF3DD2D622304F7C00489FBA /* Resetable.swift */,
			);
			path = Core;
			sourceTree = "<group>";
		};
		BF3DD2D8223050EB00489FBA /* DataLayer */ = {
			isa = PBXGroup;
			children = (
				BF85FF7822326A7D009C7F8F /* ConfigurationManager */,
				BF6369A922324DF2003D5D7B /* LocalFileManager */,
				BF636985223148EF003D5D7B /* DatabaseManager */,
				BF6369802231351B003D5D7B /* Model */,
				BF3DD2D9223050F300489FBA /* APIManager */,
				BF63698322313D0C003D5D7B /* UTDataManager.swift */,
			);
			path = DataLayer;
			sourceTree = "<group>";
		};
		BF3DD2D9223050F300489FBA /* APIManager */ = {
			isa = PBXGroup;
			children = (
				BFF9107E22305EED000BA87A /* Mock */,
				BF3DD2DA2230511800489FBA /* UTAPIManager.swift */,
			);
			path = APIManager;
			sourceTree = "<group>";
		};
		BF43411022304840009BB87C = {
			isa = PBXGroup;
			children = (
				BF43411B22304840009BB87C /* wgs */,
				BF43413022304842009BB87C /* wgsTests */,
				BF43411A22304840009BB87C /* Products */,
				DD576DA1DDD9DB3E84D65E91 /* Pods */,
				B6A8767BDDBB04D69E553905 /* Frameworks */,
			);
			sourceTree = "<group>";
		};
		BF43411A22304840009BB87C /* Products */ = {
			isa = PBXGroup;
			children = (
				BF43411922304840009BB87C /* wgs.app */,
				BF43412D22304842009BB87C /* wgsTests.xctest */,
			);
			name = Products;
			sourceTree = "<group>";
		};
		BF43411B22304840009BB87C /* wgs */ = {
			isa = PBXGroup;
			children = (
				BFF910F62230710D000BA87A /* ViewLayer */,
				BF73B15622307E150019D51A /* DomainLayer */,
				BF3DD2C822304DD400489FBA /* DataLayer */,
				BF43411C22304840009BB87C /* AppDelegate.swift */,
				BF43412822304841009BB87C /* Info.plist */,
			);
			path = wgs;
			sourceTree = "<group>";
		};
		BF43413022304842009BB87C /* wgsTests */ = {
			isa = PBXGroup;
			children = (
				BF0E3DEE22354E9A0051ADDF /* ViewLayer */,
				BF85FF9F22345A1C009C7F8F /* Domain */,
				BF3DD2D8223050EB00489FBA /* DataLayer */,
				BF43413322304842009BB87C /* Info.plist */,
			);
			path = wgsTests;
			sourceTree = "<group>";
		};
		BF636978223125EE003D5D7B /* DatabaseManager */ = {
			isa = PBXGroup;
			children = (
				BF636979223127AE003D5D7B /* DatabaseManager.swift */,
				BF85FF872232F206009C7F8F /* RealmConfig.swift */,
			);
			path = DatabaseManager;
			sourceTree = "<group>";
		};
		BF63697B22312D16003D5D7B /* API */ = {
			isa = PBXGroup;
			children = (
				BF63698822315AA5003D5D7B /* CoordinatesAPI.swift */,
				BF63698922315AA5003D5D7B /* LocationAPI.swift */,
				BF63698B22315AA5003D5D7B /* NameAPI.swift */,
				BF63698C22315AA6003D5D7B /* PersonAPI.swift */,
				BF63698D22315AA6003D5D7B /* PictureAPI.swift */,
			);
			name = API;
			path = "New Group";
			sourceTree = "<group>";
		};
		BF6369802231351B003D5D7B /* Model */ = {
			isa = PBXGroup;
			children = (
				BF63698122313544003D5D7B /* UTPerson.swift */,
			);
			path = Model;
			sourceTree = "<group>";
		};
		BF636985223148EF003D5D7B /* DatabaseManager */ = {
			isa = PBXGroup;
			children = (
				BF63698622314911003D5D7B /* UTDatabaseManager.swift */,
			);
			name = DatabaseManager;
			sourceTree = "<group>";
		};
		BF63699422316CB0003D5D7B /* PersonDetail */ = {
			isa = PBXGroup;
			children = (
				BF63699722316DE0003D5D7B /* Views */,
				BF63699522316CDF003D5D7B /* PersonDetailPresenter.swift */,
				BF0E3DEC22351BAC0051ADDF /* PersonDetailViewModel.swift */,
			);
			path = PersonDetail;
			sourceTree = "<group>";
		};
		BF63699722316DE0003D5D7B /* Views */ = {
			isa = PBXGroup;
			children = (
				BF63699A223176B2003D5D7B /* PersonDetailView.swift */,
				BF6369A222318D8C003D5D7B /* MapPersonTVC.swift */,
				BF63699E22317DED003D5D7B /* ImagePersonTVC.swift */,
				BF6369A02231853C003D5D7B /* AttributePersonTVC.swift */,
				BF6369A42231A4C5003D5D7B /* ActionPersonTVC.swift */,
			);
			path = Views;
			sourceTree = "<group>";
		};
		BF6369A6223245CB003D5D7B /* FileManager */ = {
			isa = PBXGroup;
			children = (
				BF6369A7223245EF003D5D7B /* LocalFileManager.swift */,
			);
			path = FileManager;
			sourceTree = "<group>";
		};
		BF6369A922324DF2003D5D7B /* LocalFileManager */ = {
			isa = PBXGroup;
			children = (
				BF6369AA22324F25003D5D7B /* UTLocalFileManager.swift */,
			);
			path = LocalFileManager;
			sourceTree = "<group>";
		};
		BF73B14E22307CF80019D51A /* R.Swift */ = {
			isa = PBXGroup;
			children = (
				BF73B14F22307CF80019D51A /* R.generated.swift */,
			);
			path = R.Swift;
			sourceTree = "<group>";
		};
		BF73B15122307D790019D51A /* Storyboards */ = {
			isa = PBXGroup;
			children = (
				BF73B15322307D930019D51A /* AppStoryboard.swift */,
				BF73B15222307D930019D51A /* main.storyboard */,
				BF43412522304841009BB87C /* LaunchScreen.storyboard */,
			);
			path = Storyboards;
			sourceTree = "<group>";
		};
		BF73B15622307E150019D51A /* DomainLayer */ = {
			isa = PBXGroup;
			children = (
				BF73B172223089C00019D51A /* UseCases */,
				BF73B16422307FEB0019D51A /* Coordinators */,
				BF73B15722307E220019D51A /* Sequencer */,
			);
			path = DomainLayer;
			sourceTree = "<group>";
		};
		BF73B15722307E220019D51A /* Sequencer */ = {
			isa = PBXGroup;
			children = (
				BF73B15A22307E770019D51A /* Operations */,
				BF73B15822307E590019D51A /* StartUpAppSequencer.swift */,
			);
			path = Sequencer;
			sourceTree = "<group>";
		};
		BF73B15A22307E770019D51A /* Operations */ = {
			isa = PBXGroup;
			children = (
				BF73B15D22307ECD0019D51A /* ConcurrentOperation.swift */,
				BF73B15B22307E900019D51A /* PresentMainAppOperation.swift */,
			);
			path = Operations;
			sourceTree = "<group>";
		};
		BF73B15F22307F5F0019D51A /* Controllers */ = {
			isa = PBXGroup;
			children = (
				BF73B16022307F830019D51A /* Main */,
			);
			path = Controllers;
			sourceTree = "<group>";
		};
		BF73B16022307F830019D51A /* Main */ = {
			isa = PBXGroup;
			children = (
				BF63699422316CB0003D5D7B /* PersonDetail */,
				BF73B16122307F9C0019D51A /* PeopleList */,
			);
			path = Main;
			sourceTree = "<group>";
		};
		BF73B16122307F9C0019D51A /* PeopleList */ = {
			isa = PBXGroup;
			children = (
				BF73B16A223087670019D51A /* Views */,
				BF73B170223089600019D51A /* PeopleListViewModel.swift */,
				BF73B16222307FC30019D51A /* PeopleListPresenter.swift */,
			);
			path = PeopleList;
			sourceTree = "<group>";
		};
		BF73B16422307FEB0019D51A /* Coordinators */ = {
			isa = PBXGroup;
			children = (
				BF73B165223080040019D51A /* MainFlowCoordinator.swift */,
			);
			path = Coordinators;
			sourceTree = "<group>";
		};
		BF73B167223081080019D51A /* Extensions */ = {
			isa = PBXGroup;
			children = (
				BF73B168223081350019D51A /* UIApplicationExtension.swift */,
				BF73B17822308C4C0019D51A /* StringExtension.swift */,
			);
			path = Extensions;
			sourceTree = "<group>";
		};
		BF73B16A223087670019D51A /* Views */ = {
			isa = PBXGroup;
			children = (
				BF73B16B223087850019D51A /* PeopleListView.swift */,
				BF73B16D223087A10019D51A /* PeopleListTVC.swift */,
			);
			path = Views;
			sourceTree = "<group>";
		};
		BF73B172223089C00019D51A /* UseCases */ = {
			isa = PBXGroup;
			children = (
				BF73B173223089F40019D51A /* PeopleUseCase.swift */,
			);
			path = UseCases;
			sourceTree = "<group>";
		};
		BF73B17522308BBC0019D51A /* Strings */ = {
			isa = PBXGroup;
			children = (
				BF73B17622308BDA0019D51A /* Localizable.strings */,
			);
			path = Strings;
			sourceTree = "<group>";
		};
		BF85FF7822326A7D009C7F8F /* ConfigurationManager */ = {
			isa = PBXGroup;
			children = (
				BF85FF7E22326FCD009C7F8F /* UTConfigurationManager.swift */,
			);
			path = ConfigurationManager;
			sourceTree = "<group>";
		};
		BF85FF7B22326AB3009C7F8F /* ConfigurationManager */ = {
			isa = PBXGroup;
			children = (
				BF85FF7C22326B08009C7F8F /* ConfigurationManager.swift */,
			);
			path = ConfigurationManager;
			sourceTree = "<group>";
		};
		BF85FF84223283D3009C7F8F /* Database */ = {
			isa = PBXGroup;
			children = (
				BF85FF8522328487009C7F8F /* PersonEntity.swift */,
			);
			path = Database;
			sourceTree = "<group>";
		};
		BF85FF8922333C8B009C7F8F /* Styles */ = {
			isa = PBXGroup;
			children = (
				BF85FF8A22333C9B009C7F8F /* AppColors.swift */,
				BF85FF8B22333C9B009C7F8F /* AppFonts.swift */,
			);
			path = Styles;
			sourceTree = "<group>";
		};
		BF85FF8E22333CD6009C7F8F /* Fonts */ = {
			isa = PBXGroup;
			children = (
				BF85FF9322333CEE009C7F8F /* GothamRounded-Bold.otf */,
				BF85FF9522333CEF009C7F8F /* GothamRounded-BoldItalic.otf */,
				BF85FF8F22333CEE009C7F8F /* GothamRounded-Book.otf */,
				BF85FF9122333CEE009C7F8F /* GothamRounded-BookItalic.otf */,
				BF85FF9022333CEE009C7F8F /* GothamRounded-Light.otf */,
				BF85FF9222333CEE009C7F8F /* GothamRounded-LightItalic.otf */,
				BF85FF9622333CEF009C7F8F /* GothamRounded-Medium.otf */,
				BF85FF9422333CEE009C7F8F /* GothamRounded-MediumItalic.otf */,
			);
			path = Fonts;
			sourceTree = "<group>";
		};
		BF85FF9F22345A1C009C7F8F /* Domain */ = {
			isa = PBXGroup;
			children = (
				BF85FFA022345A2A009C7F8F /* UseCases */,
			);
			path = Domain;
			sourceTree = "<group>";
		};
		BF85FFA022345A2A009C7F8F /* UseCases */ = {
			isa = PBXGroup;
			children = (
				BF85FFA122345A69009C7F8F /* UTPeopleUseCase.swift */,
			);
			path = UseCases;
			sourceTree = "<group>";
		};
		BF9A198522357BD40081D435 /* PeopleList */ = {
			isa = PBXGroup;
			children = (
				BF9A198622357C040081D435 /* UTPeopleListViewModel.swift */,
			);
			path = PeopleList;
			sourceTree = "<group>";
		};
		BFF9107E22305EED000BA87A /* Mock */ = {
			isa = PBXGroup;
			children = (
				BFF9107F22305EED000BA87A /* MockAPIRestClient.swift */,
				BFF9108022305EED000BA87A /* MockAPIManagerWrongUrl.swift */,
			);
			path = Mock;
			sourceTree = "<group>";
		};
		BFF910F62230710D000BA87A /* ViewLayer */ = {
			isa = PBXGroup;
			children = (
				BF73B15F22307F5F0019D51A /* Controllers */,
				BF73B167223081080019D51A /* Extensions */,
				BF73B15122307D790019D51A /* Storyboards */,
				BFF910F72230710D000BA87A /* Resources */,
			);
			path = ViewLayer;
			sourceTree = "<group>";
		};
		BFF910F72230710D000BA87A /* Resources */ = {
			isa = PBXGroup;
			children = (
				BF85FF8E22333CD6009C7F8F /* Fonts */,
				BF85FF8922333C8B009C7F8F /* Styles */,
				BF73B17522308BBC0019D51A /* Strings */,
				BF43412322304841009BB87C /* Assets.xcassets */,
				BF73B14E22307CF80019D51A /* R.Swift */,
			);
			path = Resources;
			sourceTree = "<group>";
		};
		DD576DA1DDD9DB3E84D65E91 /* Pods */ = {
			isa = PBXGroup;
			children = (
				4C5A881FDAFCC20F7EB6D45E /* Pods-wgs.debug.xcconfig */,
				6BD5B6C2F5A6F80E0B5F619E /* Pods-wgs.release.xcconfig */,
				DD463FCBEBA76EC0FF11F76F /* Pods-wgsTests.debug.xcconfig */,
				72B382A2691A101626BB2D31 /* Pods-wgsTests.release.xcconfig */,
			);
			name = Pods;
			sourceTree = "<group>";
		};
/* End PBXGroup section */

/* Begin PBXNativeTarget section */
		BF43411822304840009BB87C /* wgs */ = {
			isa = PBXNativeTarget;
			buildConfigurationList = BF43413622304842009BB87C /* Build configuration list for PBXNativeTarget "wgs" */;
			buildPhases = (
				3612C5CF9D73B7BBEE3EA287 /* [CP] Check Pods Manifest.lock */,
				BFF910F522306E97000BA87A /* R.Swift */,
				BF43411522304840009BB87C /* Sources */,
				BF43411622304840009BB87C /* Frameworks */,
				BF43411722304840009BB87C /* Resources */,
				C1336832DCAED7C0037F07DC /* [CP] Embed Pods Frameworks */,
			);
			buildRules = (
			);
			dependencies = (
			);
			name = wgs;
			productName = wgs;
			productReference = BF43411922304840009BB87C /* wgs.app */;
			productType = "com.apple.product-type.application";
		};
		BF43412C22304842009BB87C /* wgsTests */ = {
			isa = PBXNativeTarget;
			buildConfigurationList = BF43413922304842009BB87C /* Build configuration list for PBXNativeTarget "wgsTests" */;
			buildPhases = (
				39B5B5DD9515051CFCA71FF5 /* [CP] Check Pods Manifest.lock */,
				BF43412922304842009BB87C /* Sources */,
				BF43412A22304842009BB87C /* Frameworks */,
				BF43412B22304842009BB87C /* Resources */,
			);
			buildRules = (
			);
			dependencies = (
				BF43412F22304842009BB87C /* PBXTargetDependency */,
			);
			name = wgsTests;
			productName = wgsTests;
			productReference = BF43412D22304842009BB87C /* wgsTests.xctest */;
			productType = "com.apple.product-type.bundle.unit-test";
		};
/* End PBXNativeTarget section */

/* Begin PBXProject section */
		BF43411122304840009BB87C /* Project object */ = {
			isa = PBXProject;
			attributes = {
				LastSwiftUpdateCheck = 1010;
				LastUpgradeCheck = 1010;
				ORGANIZATIONNAME = jca;
				TargetAttributes = {
					BF43411822304840009BB87C = {
						CreatedOnToolsVersion = 10.1;
					};
					BF43412C22304842009BB87C = {
						CreatedOnToolsVersion = 10.1;
						TestTargetID = BF43411822304840009BB87C;
					};
				};
			};
			buildConfigurationList = BF43411422304840009BB87C /* Build configuration list for PBXProject "wgs" */;
			compatibilityVersion = "Xcode 9.3";
			developmentRegion = en;
			hasScannedForEncodings = 0;
			knownRegions = (
				en,
				Base,
			);
			mainGroup = BF43411022304840009BB87C;
			productRefGroup = BF43411A22304840009BB87C /* Products */;
			projectDirPath = "";
			projectRoot = "";
			targets = (
				BF43411822304840009BB87C /* wgs */,
				BF43412C22304842009BB87C /* wgsTests */,
			);
		};
/* End PBXProject section */

/* Begin PBXResourcesBuildPhase section */
		BF43411722304840009BB87C /* Resources */ = {
			isa = PBXResourcesBuildPhase;
			buildActionMask = 2147483647;
			files = (
				BF85FF9722334727009C7F8F /* GothamRounded-Bold.otf in Resources */,
				BF85FF9822334727009C7F8F /* GothamRounded-BoldItalic.otf in Resources */,
				BF85FF9922334727009C7F8F /* GothamRounded-Book.otf in Resources */,
				BF85FF9A22334727009C7F8F /* GothamRounded-BookItalic.otf in Resources */,
				BF85FF9B22334727009C7F8F /* GothamRounded-Light.otf in Resources */,
				BF85FF9C22334727009C7F8F /* GothamRounded-LightItalic.otf in Resources */,
				BF85FF9D22334727009C7F8F /* GothamRounded-Medium.otf in Resources */,
				BF85FF9E22334727009C7F8F /* GothamRounded-MediumItalic.otf in Resources */,
				BF73B17722308BDA0019D51A /* Localizable.strings in Resources */,
				BF43412722304841009BB87C /* LaunchScreen.storyboard in Resources */,
				BF43412422304841009BB87C /* Assets.xcassets in Resources */,
				BF73B15422307D930019D51A /* main.storyboard in Resources */,
			);
			runOnlyForDeploymentPostprocessing = 0;
		};
		BF43412B22304842009BB87C /* Resources */ = {
			isa = PBXResourcesBuildPhase;
			buildActionMask = 2147483647;
			files = (
			);
			runOnlyForDeploymentPostprocessing = 0;
		};
/* End PBXResourcesBuildPhase section */

/* Begin PBXShellScriptBuildPhase section */
		3612C5CF9D73B7BBEE3EA287 /* [CP] Check Pods Manifest.lock */ = {
			isa = PBXShellScriptBuildPhase;
			buildActionMask = 2147483647;
			files = (
			);
			inputFileListPaths = (
				"",
			);
			inputPaths = (
				"${PODS_PODFILE_DIR_PATH}/Podfile.lock",
				"${PODS_ROOT}/Manifest.lock",
			);
			name = "[CP] Check Pods Manifest.lock";
			outputFileListPaths = (
			);
			outputPaths = (
				"$(DERIVED_FILE_DIR)/Pods-wgs-checkManifestLockResult.txt",
			);
			runOnlyForDeploymentPostprocessing = 0;
			shellPath = /bin/sh;
			shellScript = "diff \"${PODS_PODFILE_DIR_PATH}/Podfile.lock\" \"${PODS_ROOT}/Manifest.lock\" > /dev/null\nif [ $? != 0 ] ; then\n    # print error to STDERR\n    echo \"error: The sandbox is not in sync with the Podfile.lock. Run 'pod install' or update your CocoaPods installation.\" >&2\n    exit 1\nfi\n# This output is used by Xcode 'outputs' to avoid re-running this script phase.\necho \"SUCCESS\" > \"${SCRIPT_OUTPUT_FILE_0}\"\n";
			showEnvVarsInLog = 0;
		};
		39B5B5DD9515051CFCA71FF5 /* [CP] Check Pods Manifest.lock */ = {
			isa = PBXShellScriptBuildPhase;
			buildActionMask = 2147483647;
			files = (
			);
			inputFileListPaths = (
			);
			inputPaths = (
				"${PODS_PODFILE_DIR_PATH}/Podfile.lock",
				"${PODS_ROOT}/Manifest.lock",
			);
			name = "[CP] Check Pods Manifest.lock";
			outputFileListPaths = (
			);
			outputPaths = (
				"$(DERIVED_FILE_DIR)/Pods-wgsTests-checkManifestLockResult.txt",
			);
			runOnlyForDeploymentPostprocessing = 0;
			shellPath = /bin/sh;
			shellScript = "diff \"${PODS_PODFILE_DIR_PATH}/Podfile.lock\" \"${PODS_ROOT}/Manifest.lock\" > /dev/null\nif [ $? != 0 ] ; then\n    # print error to STDERR\n    echo \"error: The sandbox is not in sync with the Podfile.lock. Run 'pod install' or update your CocoaPods installation.\" >&2\n    exit 1\nfi\n# This output is used by Xcode 'outputs' to avoid re-running this script phase.\necho \"SUCCESS\" > \"${SCRIPT_OUTPUT_FILE_0}\"\n";
			showEnvVarsInLog = 0;
		};
		BFF910F522306E97000BA87A /* R.Swift */ = {
			isa = PBXShellScriptBuildPhase;
			buildActionMask = 2147483647;
			files = (
			);
			inputFileListPaths = (
			);
			inputPaths = (
				"$TEMP_DIR/rswift-lastrun",
			);
			name = R.Swift;
			outputFileListPaths = (
			);
			outputPaths = (
				$SRCROOT/wgs/ViewLayer/Resources/R.Swift/R.generated.swift,
			);
			runOnlyForDeploymentPostprocessing = 0;
			shellPath = /bin/sh;
			shellScript = "echo \">>>>>>>>>>>>>>>> R.Swift >>>>>>>>>>>>>>>>>>>>>>\"\n#\"$PODS_ROOT/R.swift/rswift\" generate \"$SRCROOT/wgs/ViewLayer/Resources/RSwift/R.generated.swift\"\n\"$PODS_ROOT/R.swift/rswift\" generate \"$SRCROOT/wgs/ViewLayer/Resources/R.Swift/R.generated.swift\"\necho \"<<<<<<<<<<<<<<<<<<<<<<<<<<<<<<<<<<<<<<<<<<<<<<\"\n";
		};
		C1336832DCAED7C0037F07DC /* [CP] Embed Pods Frameworks */ = {
			isa = PBXShellScriptBuildPhase;
			buildActionMask = 2147483647;
			files = (
			);
			inputFileListPaths = (
			);
			inputPaths = (
				"${SRCROOT}/Pods/Target Support Files/Pods-wgs/Pods-wgs-frameworks.sh",
				"${BUILT_PRODUCTS_DIR}/Alamofire/Alamofire.framework",
				"${BUILT_PRODUCTS_DIR}/CocoaLumberjack/CocoaLumberjack.framework",
				"${BUILT_PRODUCTS_DIR}/R.swift.Library/Rswift.framework",
				"${BUILT_PRODUCTS_DIR}/Realm/Realm.framework",
				"${BUILT_PRODUCTS_DIR}/RealmSwift/RealmSwift.framework",
				"${BUILT_PRODUCTS_DIR}/SDWebImage/SDWebImage.framework",
			);
			name = "[CP] Embed Pods Frameworks";
			outputFileListPaths = (
			);
			outputPaths = (
				"${TARGET_BUILD_DIR}/${FRAMEWORKS_FOLDER_PATH}/Alamofire.framework",
				"${TARGET_BUILD_DIR}/${FRAMEWORKS_FOLDER_PATH}/CocoaLumberjack.framework",
				"${TARGET_BUILD_DIR}/${FRAMEWORKS_FOLDER_PATH}/Rswift.framework",
				"${TARGET_BUILD_DIR}/${FRAMEWORKS_FOLDER_PATH}/Realm.framework",
				"${TARGET_BUILD_DIR}/${FRAMEWORKS_FOLDER_PATH}/RealmSwift.framework",
				"${TARGET_BUILD_DIR}/${FRAMEWORKS_FOLDER_PATH}/SDWebImage.framework",
			);
			runOnlyForDeploymentPostprocessing = 0;
			shellPath = /bin/sh;
			shellScript = "\"${SRCROOT}/Pods/Target Support Files/Pods-wgs/Pods-wgs-frameworks.sh\"\n";
			showEnvVarsInLog = 0;
		};
/* End PBXShellScriptBuildPhase section */

/* Begin PBXSourcesBuildPhase section */
		BF43411522304840009BB87C /* Sources */ = {
			isa = PBXSourcesBuildPhase;
			buildActionMask = 2147483647;
			files = (
				BF73B15022307CF90019D51A /* R.generated.swift in Sources */,
				BF6369A322318D8D003D5D7B /* MapPersonTVC.swift in Sources */,
				BF85FF8C22333C9B009C7F8F /* AppColors.swift in Sources */,
				BF63699222315AA6003D5D7B /* PersonAPI.swift in Sources */,
				BF63699122315AA6003D5D7B /* NameAPI.swift in Sources */,
				BF73B171223089600019D51A /* PeopleListViewModel.swift in Sources */,
				BF85FF8622328487009C7F8F /* PersonEntity.swift in Sources */,
				BF73B15922307E590019D51A /* StartUpAppSequencer.swift in Sources */,
				BF0E3DED22351BAC0051ADDF /* PersonDetailViewModel.swift in Sources */,
				BF73B15E22307ECD0019D51A /* ConcurrentOperation.swift in Sources */,
				BF85FF882232F206009C7F8F /* RealmConfig.swift in Sources */,
				BF3DD2D722304F7C00489FBA /* Resetable.swift in Sources */,
				BF6369A12231853D003D5D7B /* AttributePersonTVC.swift in Sources */,
				BF6369A8223245EF003D5D7B /* LocalFileManager.swift in Sources */,
				BF6369A52231A4C5003D5D7B /* ActionPersonTVC.swift in Sources */,
				BF63698F22315AA6003D5D7B /* LocationAPI.swift in Sources */,
				BF3DD2CE22304EBF00489FBA /* APIRestClient.swift in Sources */,
				BF63699622316CDF003D5D7B /* PersonDetailPresenter.swift in Sources */,
				BF63697F223132E8003D5D7B /* Person.swift in Sources */,
				BF73B16E223087A10019D51A /* PeopleListTVC.swift in Sources */,
				BF3DD2CF22304EBF00489FBA /* RestResponse.swift in Sources */,
				BF43411D22304840009BB87C /* AppDelegate.swift in Sources */,
				BF63699F22317DED003D5D7B /* ImagePersonTVC.swift in Sources */,
				BF85FF7D22326B08009C7F8F /* ConfigurationManager.swift in Sources */,
				BF3DD2CD22304EBF00489FBA /* APIManager.swift in Sources */,
				BF73B169223081350019D51A /* UIApplicationExtension.swift in Sources */,
				BF73B16C223087850019D51A /* PeopleListView.swift in Sources */,
				BF73B15522307D930019D51A /* AppStoryboard.swift in Sources */,
				BF73B166223080040019D51A /* MainFlowCoordinator.swift in Sources */,
				BF85FF8D22333C9B009C7F8F /* AppFonts.swift in Sources */,
				BF73B15C22307E900019D51A /* PresentMainAppOperation.swift in Sources */,
				BF73B174223089F40019D51A /* PeopleUseCase.swift in Sources */,
				BF63699322315AA6003D5D7B /* PictureAPI.swift in Sources */,
				BF63699B223176B2003D5D7B /* PersonDetailView.swift in Sources */,
				BF73B16322307FC30019D51A /* PeopleListPresenter.swift in Sources */,
				BF63698E22315AA6003D5D7B /* CoordinatesAPI.swift in Sources */,
				BFF910F422306E0C000BA87A /* DataManager.swift in Sources */,
				BF73B17922308C4C0019D51A /* StringExtension.swift in Sources */,
				BF63697A223127AE003D5D7B /* DatabaseManager.swift in Sources */,
			);
			runOnlyForDeploymentPostprocessing = 0;
		};
		BF43412922304842009BB87C /* Sources */ = {
			isa = PBXSourcesBuildPhase;
			buildActionMask = 2147483647;
			files = (
				BFF9108122305EED000BA87A /* MockAPIRestClient.swift in Sources */,
				BF63698222313544003D5D7B /* UTPerson.swift in Sources */,
				BF63698422313D0C003D5D7B /* UTDataManager.swift in Sources */,
				BF0E3DF222354EE80051ADDF /* UTPersonDetailViewModel.swift in Sources */,
				BF85FFA222345A69009C7F8F /* UTPeopleUseCase.swift in Sources */,
				BF85FF7F22326FCD009C7F8F /* UTConfigurationManager.swift in Sources */,
				BF3DD2DB2230511800489FBA /* UTAPIManager.swift in Sources */,
				BFF9108222305EED000BA87A /* MockAPIManagerWrongUrl.swift in Sources */,
				BF9A198722357C040081D435 /* UTPeopleListViewModel.swift in Sources */,
				BF6369AB22324F25003D5D7B /* UTLocalFileManager.swift in Sources */,
				BF63698722314911003D5D7B /* UTDatabaseManager.swift in Sources */,
			);
			runOnlyForDeploymentPostprocessing = 0;
		};
/* End PBXSourcesBuildPhase section */

/* Begin PBXTargetDependency section */
		BF43412F22304842009BB87C /* PBXTargetDependency */ = {
			isa = PBXTargetDependency;
			target = BF43411822304840009BB87C /* wgs */;
			targetProxy = BF43412E22304842009BB87C /* PBXContainerItemProxy */;
		};
/* End PBXTargetDependency section */

/* Begin PBXVariantGroup section */
		BF43412522304841009BB87C /* LaunchScreen.storyboard */ = {
			isa = PBXVariantGroup;
			children = (
				BF43412622304841009BB87C /* Base */,
			);
			name = LaunchScreen.storyboard;
			sourceTree = "<group>";
		};
/* End PBXVariantGroup section */

/* Begin XCBuildConfiguration section */
		BF43413422304842009BB87C /* Debug */ = {
			isa = XCBuildConfiguration;
			buildSettings = {
				ALWAYS_SEARCH_USER_PATHS = NO;
				CLANG_ANALYZER_NONNULL = YES;
				CLANG_ANALYZER_NUMBER_OBJECT_CONVERSION = YES_AGGRESSIVE;
				CLANG_CXX_LANGUAGE_STANDARD = "gnu++14";
				CLANG_CXX_LIBRARY = "libc++";
				CLANG_ENABLE_MODULES = YES;
				CLANG_ENABLE_OBJC_ARC = YES;
				CLANG_ENABLE_OBJC_WEAK = YES;
				CLANG_WARN_BLOCK_CAPTURE_AUTORELEASING = YES;
				CLANG_WARN_BOOL_CONVERSION = YES;
				CLANG_WARN_COMMA = YES;
				CLANG_WARN_CONSTANT_CONVERSION = YES;
				CLANG_WARN_DEPRECATED_OBJC_IMPLEMENTATIONS = YES;
				CLANG_WARN_DIRECT_OBJC_ISA_USAGE = YES_ERROR;
				CLANG_WARN_DOCUMENTATION_COMMENTS = YES;
				CLANG_WARN_EMPTY_BODY = YES;
				CLANG_WARN_ENUM_CONVERSION = YES;
				CLANG_WARN_INFINITE_RECURSION = YES;
				CLANG_WARN_INT_CONVERSION = YES;
				CLANG_WARN_NON_LITERAL_NULL_CONVERSION = YES;
				CLANG_WARN_OBJC_IMPLICIT_RETAIN_SELF = YES;
				CLANG_WARN_OBJC_LITERAL_CONVERSION = YES;
				CLANG_WARN_OBJC_ROOT_CLASS = YES_ERROR;
				CLANG_WARN_RANGE_LOOP_ANALYSIS = YES;
				CLANG_WARN_STRICT_PROTOTYPES = YES;
				CLANG_WARN_SUSPICIOUS_MOVE = YES;
				CLANG_WARN_UNGUARDED_AVAILABILITY = YES_AGGRESSIVE;
				CLANG_WARN_UNREACHABLE_CODE = YES;
				CLANG_WARN__DUPLICATE_METHOD_MATCH = YES;
				CODE_SIGN_IDENTITY = "iPhone Developer";
				COPY_PHASE_STRIP = NO;
				DEBUG_INFORMATION_FORMAT = dwarf;
				ENABLE_STRICT_OBJC_MSGSEND = YES;
				ENABLE_TESTABILITY = YES;
				GCC_C_LANGUAGE_STANDARD = gnu11;
				GCC_DYNAMIC_NO_PIC = NO;
				GCC_NO_COMMON_BLOCKS = YES;
				GCC_OPTIMIZATION_LEVEL = 0;
				GCC_PREPROCESSOR_DEFINITIONS = (
					"DEBUG=1",
					"$(inherited)",
				);
				GCC_WARN_64_TO_32_BIT_CONVERSION = YES;
				GCC_WARN_ABOUT_RETURN_TYPE = YES_ERROR;
				GCC_WARN_UNDECLARED_SELECTOR = YES;
				GCC_WARN_UNINITIALIZED_AUTOS = YES_AGGRESSIVE;
				GCC_WARN_UNUSED_FUNCTION = YES;
				GCC_WARN_UNUSED_VARIABLE = YES;
				IPHONEOS_DEPLOYMENT_TARGET = 12.1;
				MTL_ENABLE_DEBUG_INFO = INCLUDE_SOURCE;
				MTL_FAST_MATH = YES;
				ONLY_ACTIVE_ARCH = YES;
				SDKROOT = iphoneos;
				SWIFT_ACTIVE_COMPILATION_CONDITIONS = DEBUG;
				SWIFT_OPTIMIZATION_LEVEL = "-Onone";
			};
			name = Debug;
		};
		BF43413522304842009BB87C /* Release */ = {
			isa = XCBuildConfiguration;
			buildSettings = {
				ALWAYS_SEARCH_USER_PATHS = NO;
				CLANG_ANALYZER_NONNULL = YES;
				CLANG_ANALYZER_NUMBER_OBJECT_CONVERSION = YES_AGGRESSIVE;
				CLANG_CXX_LANGUAGE_STANDARD = "gnu++14";
				CLANG_CXX_LIBRARY = "libc++";
				CLANG_ENABLE_MODULES = YES;
				CLANG_ENABLE_OBJC_ARC = YES;
				CLANG_ENABLE_OBJC_WEAK = YES;
				CLANG_WARN_BLOCK_CAPTURE_AUTORELEASING = YES;
				CLANG_WARN_BOOL_CONVERSION = YES;
				CLANG_WARN_COMMA = YES;
				CLANG_WARN_CONSTANT_CONVERSION = YES;
				CLANG_WARN_DEPRECATED_OBJC_IMPLEMENTATIONS = YES;
				CLANG_WARN_DIRECT_OBJC_ISA_USAGE = YES_ERROR;
				CLANG_WARN_DOCUMENTATION_COMMENTS = YES;
				CLANG_WARN_EMPTY_BODY = YES;
				CLANG_WARN_ENUM_CONVERSION = YES;
				CLANG_WARN_INFINITE_RECURSION = YES;
				CLANG_WARN_INT_CONVERSION = YES;
				CLANG_WARN_NON_LITERAL_NULL_CONVERSION = YES;
				CLANG_WARN_OBJC_IMPLICIT_RETAIN_SELF = YES;
				CLANG_WARN_OBJC_LITERAL_CONVERSION = YES;
				CLANG_WARN_OBJC_ROOT_CLASS = YES_ERROR;
				CLANG_WARN_RANGE_LOOP_ANALYSIS = YES;
				CLANG_WARN_STRICT_PROTOTYPES = YES;
				CLANG_WARN_SUSPICIOUS_MOVE = YES;
				CLANG_WARN_UNGUARDED_AVAILABILITY = YES_AGGRESSIVE;
				CLANG_WARN_UNREACHABLE_CODE = YES;
				CLANG_WARN__DUPLICATE_METHOD_MATCH = YES;
				CODE_SIGN_IDENTITY = "iPhone Developer";
				COPY_PHASE_STRIP = NO;
				DEBUG_INFORMATION_FORMAT = "dwarf-with-dsym";
				ENABLE_NS_ASSERTIONS = NO;
				ENABLE_STRICT_OBJC_MSGSEND = YES;
				GCC_C_LANGUAGE_STANDARD = gnu11;
				GCC_NO_COMMON_BLOCKS = YES;
				GCC_WARN_64_TO_32_BIT_CONVERSION = YES;
				GCC_WARN_ABOUT_RETURN_TYPE = YES_ERROR;
				GCC_WARN_UNDECLARED_SELECTOR = YES;
				GCC_WARN_UNINITIALIZED_AUTOS = YES_AGGRESSIVE;
				GCC_WARN_UNUSED_FUNCTION = YES;
				GCC_WARN_UNUSED_VARIABLE = YES;
				IPHONEOS_DEPLOYMENT_TARGET = 12.1;
				MTL_ENABLE_DEBUG_INFO = NO;
				MTL_FAST_MATH = YES;
				SDKROOT = iphoneos;
				SWIFT_COMPILATION_MODE = wholemodule;
				SWIFT_OPTIMIZATION_LEVEL = "-O";
				VALIDATE_PRODUCT = YES;
			};
			name = Release;
		};
		BF43413722304842009BB87C /* Debug */ = {
			isa = XCBuildConfiguration;
			baseConfigurationReference = 4C5A881FDAFCC20F7EB6D45E /* Pods-wgs.debug.xcconfig */;
			buildSettings = {
				ASSETCATALOG_COMPILER_APPICON_NAME = AppIcon;
				CODE_SIGN_STYLE = Automatic;
				DEVELOPMENT_TEAM = 7ZPDPWR8XU;
				INFOPLIST_FILE = wgs/Info.plist;
				LD_RUNPATH_SEARCH_PATHS = (
					"$(inherited)",
					"@executable_path/Frameworks",
				);
				PRODUCT_BUNDLE_IDENTIFIER = com.jca.wgs;
				PRODUCT_NAME = "$(TARGET_NAME)";
				SWIFT_VERSION = 4.2;
				TARGETED_DEVICE_FAMILY = "1,2";
			};
			name = Debug;
		};
		BF43413822304842009BB87C /* Release */ = {
			isa = XCBuildConfiguration;
			baseConfigurationReference = 6BD5B6C2F5A6F80E0B5F619E /* Pods-wgs.release.xcconfig */;
			buildSettings = {
				ASSETCATALOG_COMPILER_APPICON_NAME = AppIcon;
				CODE_SIGN_STYLE = Automatic;
				DEVELOPMENT_TEAM = 7ZPDPWR8XU;
				INFOPLIST_FILE = wgs/Info.plist;
				LD_RUNPATH_SEARCH_PATHS = (
					"$(inherited)",
					"@executable_path/Frameworks",
				);
				PRODUCT_BUNDLE_IDENTIFIER = com.jca.wgs;
				PRODUCT_NAME = "$(TARGET_NAME)";
				SWIFT_VERSION = 4.2;
				TARGETED_DEVICE_FAMILY = "1,2";
			};
			name = Release;
		};
		BF43413A22304842009BB87C /* Debug */ = {
			isa = XCBuildConfiguration;
			baseConfigurationReference = DD463FCBEBA76EC0FF11F76F /* Pods-wgsTests.debug.xcconfig */;
			buildSettings = {
				ALWAYS_EMBED_SWIFT_STANDARD_LIBRARIES = YES;
				BUNDLE_LOADER = "$(TEST_HOST)";
				CODE_SIGN_STYLE = Automatic;
				DEVELOPMENT_TEAM = 7ZPDPWR8XU;
				INFOPLIST_FILE = wgsTests/Info.plist;
				LD_RUNPATH_SEARCH_PATHS = (
					"$(inherited)",
					"@executable_path/Frameworks",
					"@loader_path/Frameworks",
				);
				PRODUCT_BUNDLE_IDENTIFIER = com.jca.wgsTests;
				PRODUCT_NAME = "$(TARGET_NAME)";
				SWIFT_VERSION = 4.2;
				TARGETED_DEVICE_FAMILY = "1,2";
				TEST_HOST = "$(BUILT_PRODUCTS_DIR)/wgs.app/wgs";
			};
			name = Debug;
		};
		BF43413B22304842009BB87C /* Release */ = {
			isa = XCBuildConfiguration;
			baseConfigurationReference = 72B382A2691A101626BB2D31 /* Pods-wgsTests.release.xcconfig */;
			buildSettings = {
				ALWAYS_EMBED_SWIFT_STANDARD_LIBRARIES = YES;
				BUNDLE_LOADER = "$(TEST_HOST)";
				CODE_SIGN_STYLE = Automatic;
				DEVELOPMENT_TEAM = 7ZPDPWR8XU;
				INFOPLIST_FILE = wgsTests/Info.plist;
				LD_RUNPATH_SEARCH_PATHS = (
					"$(inherited)",
					"@executable_path/Frameworks",
					"@loader_path/Frameworks",
				);
				PRODUCT_BUNDLE_IDENTIFIER = com.jca.wgsTests;
				PRODUCT_NAME = "$(TARGET_NAME)";
				SWIFT_VERSION = 4.2;
				TARGETED_DEVICE_FAMILY = "1,2";
				TEST_HOST = "$(BUILT_PRODUCTS_DIR)/wgs.app/wgs";
			};
			name = Release;
		};
/* End XCBuildConfiguration section */

/* Begin XCConfigurationList section */
		BF43411422304840009BB87C /* Build configuration list for PBXProject "wgs" */ = {
			isa = XCConfigurationList;
			buildConfigurations = (
				BF43413422304842009BB87C /* Debug */,
				BF43413522304842009BB87C /* Release */,
			);
			defaultConfigurationIsVisible = 0;
			defaultConfigurationName = Release;
		};
		BF43413622304842009BB87C /* Build configuration list for PBXNativeTarget "wgs" */ = {
			isa = XCConfigurationList;
			buildConfigurations = (
				BF43413722304842009BB87C /* Debug */,
				BF43413822304842009BB87C /* Release */,
			);
			defaultConfigurationIsVisible = 0;
			defaultConfigurationName = Release;
		};
		BF43413922304842009BB87C /* Build configuration list for PBXNativeTarget "wgsTests" */ = {
			isa = XCConfigurationList;
			buildConfigurations = (
				BF43413A22304842009BB87C /* Debug */,
				BF43413B22304842009BB87C /* Release */,
			);
			defaultConfigurationIsVisible = 0;
			defaultConfigurationName = Release;
		};
/* End XCConfigurationList section */
	};
	rootObject = BF43411122304840009BB87C /* Project object */;
}
